
Microsoft Visual Studio Solution File, Format Version 12.00
# Visual Studio 2015
Project("{FAE04EC0-301F-11D3-BF4B-00C04F79EFBC}") = "ZemiPhoton.CSharp.Plugins", "ZemiPhoton.CSharp.Plugins.csproj", "{6787A242-D48D-3CB9-2FF2-76378BF6C209}"
EndProject
Project("{FAE04EC0-301F-11D3-BF4B-00C04F79EFBC}") = "ZemiPhoton.CSharp", "ZemiPhoton.CSharp.csproj", "{9D3843C1-35FF-CBEE-CB85-E14DDAB8B096}"
EndProject
Project("{FAE04EC0-301F-11D3-BF4B-00C04F79EFBC}") = "ZemiPhoton.CSharp.Editor", "ZemiPhoton.CSharp.Editor.csproj", "{898AC44A-2519-93E0-F745-2914D40DF4EB}"
EndProject
Global
	GlobalSection(SolutionConfigurationPlatforms) = preSolution
		Debug|Any CPU = Debug|Any CPU
		Release|Any CPU = Release|Any CPU
	EndGlobalSection
	GlobalSection(ProjectConfigurationPlatforms) = postSolution
		{6787A242-D48D-3CB9-2FF2-76378BF6C209}.Debug|Any CPU.ActiveCfg = Debug|Any CPU
		{6787A242-D48D-3CB9-2FF2-76378BF6C209}.Debug|Any CPU.Build.0 = Debug|Any CPU
		{6787A242-D48D-3CB9-2FF2-76378BF6C209}.Release|Any CPU.ActiveCfg = Release|Any CPU
		{6787A242-D48D-3CB9-2FF2-76378BF6C209}.Release|Any CPU.Build.0 = Release|Any CPU
		{9D3843C1-35FF-CBEE-CB85-E14DDAB8B096}.Debug|Any CPU.ActiveCfg = Debug|Any CPU
		{9D3843C1-35FF-CBEE-CB85-E14DDAB8B096}.Debug|Any CPU.Build.0 = Debug|Any CPU
		{9D3843C1-35FF-CBEE-CB85-E14DDAB8B096}.Release|Any CPU.ActiveCfg = Release|Any CPU
		{9D3843C1-35FF-CBEE-CB85-E14DDAB8B096}.Release|Any CPU.Build.0 = Release|Any CPU
		{898AC44A-2519-93E0-F745-2914D40DF4EB}.Debug|Any CPU.ActiveCfg = Debug|Any CPU
		{898AC44A-2519-93E0-F745-2914D40DF4EB}.Debug|Any CPU.Build.0 = Debug|Any CPU
		{898AC44A-2519-93E0-F745-2914D40DF4EB}.Release|Any CPU.ActiveCfg = Release|Any CPU
		{898AC44A-2519-93E0-F745-2914D40DF4EB}.Release|Any CPU.Build.0 = Release|Any CPU
	EndGlobalSection
	GlobalSection(SolutionProperties) = preSolution
		HideSolutionNode = FALSE
	EndGlobalSection
EndGlobal
