
Microsoft Visual Studio Solution File, Format Version 11.00
# Visual Studio 2010
Project("{FAE04EC0-301F-11D3-BF4B-00C04F79EFBC}") = "ZemiPhoton", "Assembly-CSharp-firstpass.csproj", "{1BBBFCDC-538B-4668-D2B0-32A0468BFC3F}"
EndProject
Project("{FAE04EC0-301F-11D3-BF4B-00C04F79EFBC}") = "ZemiPhoton", "Assembly-CSharp.csproj", "{A1129DE2-3A4A-B741-CE9D-5B29976C4907}"
EndProject
Project("{FAE04EC0-301F-11D3-BF4B-00C04F79EFBC}") = "ZemiPhoton", "Assembly-CSharp-Editor.csproj", "{24EB199F-DF8F-5CFA-C347-4586D30616D7}"
EndProject
Global
	GlobalSection(SolutionConfigurationPlatforms) = preSolution
		Debug|Any CPU = Debug|Any CPU
		Release|Any CPU = Release|Any CPU
	EndGlobalSection
	GlobalSection(ProjectConfigurationPlatforms) = postSolution
		{1BBBFCDC-538B-4668-D2B0-32A0468BFC3F}.Debug|Any CPU.ActiveCfg = Debug|Any CPU
		{1BBBFCDC-538B-4668-D2B0-32A0468BFC3F}.Debug|Any CPU.Build.0 = Debug|Any CPU
		{1BBBFCDC-538B-4668-D2B0-32A0468BFC3F}.Release|Any CPU.ActiveCfg = Release|Any CPU
		{1BBBFCDC-538B-4668-D2B0-32A0468BFC3F}.Release|Any CPU.Build.0 = Release|Any CPU
		{A1129DE2-3A4A-B741-CE9D-5B29976C4907}.Debug|Any CPU.ActiveCfg = Debug|Any CPU
		{A1129DE2-3A4A-B741-CE9D-5B29976C4907}.Debug|Any CPU.Build.0 = Debug|Any CPU
		{A1129DE2-3A4A-B741-CE9D-5B29976C4907}.Release|Any CPU.ActiveCfg = Release|Any CPU
		{A1129DE2-3A4A-B741-CE9D-5B29976C4907}.Release|Any CPU.Build.0 = Release|Any CPU
		{24EB199F-DF8F-5CFA-C347-4586D30616D7}.Debug|Any CPU.ActiveCfg = Debug|Any CPU
		{24EB199F-DF8F-5CFA-C347-4586D30616D7}.Debug|Any CPU.Build.0 = Debug|Any CPU
		{24EB199F-DF8F-5CFA-C347-4586D30616D7}.Release|Any CPU.ActiveCfg = Release|Any CPU
		{24EB199F-DF8F-5CFA-C347-4586D30616D7}.Release|Any CPU.Build.0 = Release|Any CPU
	EndGlobalSection
	GlobalSection(SolutionProperties) = preSolution
		HideSolutionNode = FALSE
	EndGlobalSection
	GlobalSection(MonoDevelopProperties) = preSolution
		StartupItem = Assembly-CSharp.csproj
	EndGlobalSection
EndGlobal
