
Microsoft Visual Studio Solution File, Format Version 12.00
# Visual Studio 2017
Project("{FAE04EC0-301F-11D3-BF4B-00C04F79EFBC}") = "ZemiPhoton.Plugins", "ZemiPhoton.Plugins.csproj", "{D9651F8A-8788-F70E-E586-E9DC2B4F954D}"
EndProject
Project("{FAE04EC0-301F-11D3-BF4B-00C04F79EFBC}") = "ZemiPhoton", "ZemiPhoton.csproj", "{E676B0F7-456A-4CCC-2F42-435D17510DD8}"
EndProject
Project("{FAE04EC0-301F-11D3-BF4B-00C04F79EFBC}") = "ZemiPhoton.Editor", "ZemiPhoton.Editor.csproj", "{567B46A9-7D95-B5CB-8270-2585EC1E4A2C}"
EndProject
Global
	GlobalSection(SolutionConfigurationPlatforms) = preSolution
		Debug|Any CPU = Debug|Any CPU
		Release|Any CPU = Release|Any CPU
	EndGlobalSection
	GlobalSection(ProjectConfigurationPlatforms) = postSolution
		{D9651F8A-8788-F70E-E586-E9DC2B4F954D}.Debug|Any CPU.ActiveCfg = Debug|Any CPU
		{D9651F8A-8788-F70E-E586-E9DC2B4F954D}.Debug|Any CPU.Build.0 = Debug|Any CPU
		{D9651F8A-8788-F70E-E586-E9DC2B4F954D}.Release|Any CPU.ActiveCfg = Release|Any CPU
		{D9651F8A-8788-F70E-E586-E9DC2B4F954D}.Release|Any CPU.Build.0 = Release|Any CPU
		{E676B0F7-456A-4CCC-2F42-435D17510DD8}.Debug|Any CPU.ActiveCfg = Debug|Any CPU
		{E676B0F7-456A-4CCC-2F42-435D17510DD8}.Debug|Any CPU.Build.0 = Debug|Any CPU
		{E676B0F7-456A-4CCC-2F42-435D17510DD8}.Release|Any CPU.ActiveCfg = Release|Any CPU
		{E676B0F7-456A-4CCC-2F42-435D17510DD8}.Release|Any CPU.Build.0 = Release|Any CPU
		{567B46A9-7D95-B5CB-8270-2585EC1E4A2C}.Debug|Any CPU.ActiveCfg = Debug|Any CPU
		{567B46A9-7D95-B5CB-8270-2585EC1E4A2C}.Debug|Any CPU.Build.0 = Debug|Any CPU
		{567B46A9-7D95-B5CB-8270-2585EC1E4A2C}.Release|Any CPU.ActiveCfg = Release|Any CPU
		{567B46A9-7D95-B5CB-8270-2585EC1E4A2C}.Release|Any CPU.Build.0 = Release|Any CPU
	EndGlobalSection
	GlobalSection(SolutionProperties) = preSolution
		HideSolutionNode = FALSE
	EndGlobalSection
EndGlobal
